// !$*UTF8*$!
{
	archiveVersion = 1;
	classes = {
	};
	objectVersion = 46;
	objects = {

/* Begin PBXBuildFile section */
		C28761001DB3A5B500AB0953 /* AppDelegate.swift in Sources */ = {isa = PBXBuildFile; fileRef = C28760FF1DB3A5B500AB0953 /* AppDelegate.swift */; };
		C28761031DB3A5B500AB0953 /* AESiOS.xcdatamodeld in Sources */ = {isa = PBXBuildFile; fileRef = C28761011DB3A5B500AB0953 /* AESiOS.xcdatamodeld */; };
		C28761051DB3A5B500AB0953 /* ViewController.swift in Sources */ = {isa = PBXBuildFile; fileRef = C28761041DB3A5B500AB0953 /* ViewController.swift */; };
		C28761081DB3A5B500AB0953 /* Main.storyboard in Resources */ = {isa = PBXBuildFile; fileRef = C28761061DB3A5B500AB0953 /* Main.storyboard */; };
		C287610A1DB3A5B500AB0953 /* Images.xcassets in Resources */ = {isa = PBXBuildFile; fileRef = C28761091DB3A5B500AB0953 /* Images.xcassets */; };
		C287610D1DB3A5B500AB0953 /* LaunchScreen.xib in Resources */ = {isa = PBXBuildFile; fileRef = C287610B1DB3A5B500AB0953 /* LaunchScreen.xib */; };
		C28761191DB3A5B500AB0953 /* AESiOSTests.swift in Sources */ = {isa = PBXBuildFile; fileRef = C28761181DB3A5B500AB0953 /* AESiOSTests.swift */; };
/* End PBXBuildFile section */

/* Begin PBXContainerItemProxy section */
		C28761131DB3A5B500AB0953 /* PBXContainerItemProxy */ = {
			isa = PBXContainerItemProxy;
			containerPortal = C28760F21DB3A5B500AB0953 /* Project object */;
			proxyType = 1;
			remoteGlobalIDString = C28760F91DB3A5B500AB0953;
			remoteInfo = AESiOS;
		};
/* End PBXContainerItemProxy section */

/* Begin PBXFileReference section */
		C28760FA1DB3A5B500AB0953 /* AESiOS.app */ = {isa = PBXFileReference; explicitFileType = wrapper.application; includeInIndex = 0; path = AESiOS.app; sourceTree = BUILT_PRODUCTS_DIR; };
		C28760FE1DB3A5B500AB0953 /* Info.plist */ = {isa = PBXFileReference; lastKnownFileType = text.plist.xml; path = Info.plist; sourceTree = "<group>"; };
		C28760FF1DB3A5B500AB0953 /* AppDelegate.swift */ = {isa = PBXFileReference; lastKnownFileType = sourcecode.swift; path = AppDelegate.swift; sourceTree = "<group>"; };
		C28761021DB3A5B500AB0953 /* AESiOS.xcdatamodel */ = {isa = PBXFileReference; lastKnownFileType = wrapper.xcdatamodel; path = AESiOS.xcdatamodel; sourceTree = "<group>"; };
		C28761041DB3A5B500AB0953 /* ViewController.swift */ = {isa = PBXFileReference; lastKnownFileType = sourcecode.swift; path = ViewController.swift; sourceTree = "<group>"; };
		C28761071DB3A5B500AB0953 /* Base */ = {isa = PBXFileReference; lastKnownFileType = file.storyboard; name = Base; path = Base.lproj/Main.storyboard; sourceTree = "<group>"; };
		C28761091DB3A5B500AB0953 /* Images.xcassets */ = {isa = PBXFileReference; lastKnownFileType = folder.assetcatalog; path = Images.xcassets; sourceTree = "<group>"; };
		C287610C1DB3A5B500AB0953 /* Base */ = {isa = PBXFileReference; lastKnownFileType = file.xib; name = Base; path = Base.lproj/LaunchScreen.xib; sourceTree = "<group>"; };
		C28761121DB3A5B500AB0953 /* AESiOSTests.xctest */ = {isa = PBXFileReference; explicitFileType = wrapper.cfbundle; includeInIndex = 0; path = AESiOSTests.xctest; sourceTree = BUILT_PRODUCTS_DIR; };
		C28761171DB3A5B500AB0953 /* Info.plist */ = {isa = PBXFileReference; lastKnownFileType = text.plist.xml; path = Info.plist; sourceTree = "<group>"; };
		C28761181DB3A5B500AB0953 /* AESiOSTests.swift */ = {isa = PBXFileReference; lastKnownFileType = sourcecode.swift; path = AESiOSTests.swift; sourceTree = "<group>"; };
/* End PBXFileReference section */

/* Begin PBXFrameworksBuildPhase section */
		C28760F71DB3A5B500AB0953 /* Frameworks */ = {
			isa = PBXFrameworksBuildPhase;
			buildActionMask = 2147483647;
			files = (
			);
			runOnlyForDeploymentPostprocessing = 0;
		};
		C287610F1DB3A5B500AB0953 /* Frameworks */ = {
			isa = PBXFrameworksBuildPhase;
			buildActionMask = 2147483647;
			files = (
			);
			runOnlyForDeploymentPostprocessing = 0;
		};
/* End PBXFrameworksBuildPhase section */

/* Begin PBXGroup section */
		C28760F11DB3A5B500AB0953 = {
			isa = PBXGroup;
			children = (
				C28760FC1DB3A5B500AB0953 /* AESiOS */,
				C28761151DB3A5B500AB0953 /* AESiOSTests */,
				C28760FB1DB3A5B500AB0953 /* Products */,
			);
			sourceTree = "<group>";
		};
		C28760FB1DB3A5B500AB0953 /* Products */ = {
			isa = PBXGroup;
			children = (
				C28760FA1DB3A5B500AB0953 /* AESiOS.app */,
				C28761121DB3A5B500AB0953 /* AESiOSTests.xctest */,
			);
			name = Products;
			sourceTree = "<group>";
		};
		C28760FC1DB3A5B500AB0953 /* AESiOS */ = {
			isa = PBXGroup;
			children = (
				C28760FF1DB3A5B500AB0953 /* AppDelegate.swift */,
				C28761041DB3A5B500AB0953 /* ViewController.swift */,
				C28761061DB3A5B500AB0953 /* Main.storyboard */,
				C28761091DB3A5B500AB0953 /* Images.xcassets */,
				C287610B1DB3A5B500AB0953 /* LaunchScreen.xib */,
				C28761011DB3A5B500AB0953 /* AESiOS.xcdatamodeld */,
				C28760FD1DB3A5B500AB0953 /* Supporting Files */,
			);
			path = AESiOS;
			sourceTree = "<group>";
		};
		C28760FD1DB3A5B500AB0953 /* Supporting Files */ = {
			isa = PBXGroup;
			children = (
				C28760FE1DB3A5B500AB0953 /* Info.plist */,
			);
			name = "Supporting Files";
			sourceTree = "<group>";
		};
		C28761151DB3A5B500AB0953 /* AESiOSTests */ = {
			isa = PBXGroup;
			children = (
				C28761181DB3A5B500AB0953 /* AESiOSTests.swift */,
				C28761161DB3A5B500AB0953 /* Supporting Files */,
			);
			path = AESiOSTests;
			sourceTree = "<group>";
		};
		C28761161DB3A5B500AB0953 /* Supporting Files */ = {
			isa = PBXGroup;
			children = (
				C28761171DB3A5B500AB0953 /* Info.plist */,
			);
			name = "Supporting Files";
			sourceTree = "<group>";
		};
/* End PBXGroup section */

/* Begin PBXNativeTarget section */
		C28760F91DB3A5B500AB0953 /* AESiOS */ = {
			isa = PBXNativeTarget;
			buildConfigurationList = C287611C1DB3A5B500AB0953 /* Build configuration list for PBXNativeTarget "AESiOS" */;
			buildPhases = (
				C28760F61DB3A5B500AB0953 /* Sources */,
				C28760F71DB3A5B500AB0953 /* Frameworks */,
				C28760F81DB3A5B500AB0953 /* Resources */,
			);
			buildRules = (
			);
			dependencies = (
			);
			name = AESiOS;
			productName = AESiOS;
			productReference = C28760FA1DB3A5B500AB0953 /* AESiOS.app */;
			productType = "com.apple.product-type.application";
		};
		C28761111DB3A5B500AB0953 /* AESiOSTests */ = {
			isa = PBXNativeTarget;
			buildConfigurationList = C287611F1DB3A5B500AB0953 /* Build configuration list for PBXNativeTarget "AESiOSTests" */;
			buildPhases = (
				C287610E1DB3A5B500AB0953 /* Sources */,
				C287610F1DB3A5B500AB0953 /* Frameworks */,
				C28761101DB3A5B500AB0953 /* Resources */,
			);
			buildRules = (
			);
			dependencies = (
				C28761141DB3A5B500AB0953 /* PBXTargetDependency */,
			);
			name = AESiOSTests;
			productName = AESiOSTests;
			productReference = C28761121DB3A5B500AB0953 /* AESiOSTests.xctest */;
			productType = "com.apple.product-type.bundle.unit-test";
		};
/* End PBXNativeTarget section */

/* Begin PBXProject section */
		C28760F21DB3A5B500AB0953 /* Project object */ = {
			isa = PBXProject;
			attributes = {
				LastUpgradeCheck = 0630;
				ORGANIZATIONNAME = "Muneeb Ahmad";
				TargetAttributes = {
					C28760F91DB3A5B500AB0953 = {
						CreatedOnToolsVersion = 6.3.1;
					};
					C28761111DB3A5B500AB0953 = {
						CreatedOnToolsVersion = 6.3.1;
						TestTargetID = C28760F91DB3A5B500AB0953;
					};
				};
			};
			buildConfigurationList = C28760F51DB3A5B500AB0953 /* Build configuration list for PBXProject "AESiOS" */;
			compatibilityVersion = "Xcode 3.2";
			developmentRegion = English;
			hasScannedForEncodings = 0;
			knownRegions = (
				en,
				Base,
			);
			mainGroup = C28760F11DB3A5B500AB0953;
			productRefGroup = C28760FB1DB3A5B500AB0953 /* Products */;
			projectDirPath = "";
			projectRoot = "";
			targets = (
				C28760F91DB3A5B500AB0953 /* AESiOS */,
				C28761111DB3A5B500AB0953 /* AESiOSTests */,
			);
		};
/* End PBXProject section */

/* Begin PBXResourcesBuildPhase section */
		C28760F81DB3A5B500AB0953 /* Resources */ = {
			isa = PBXResourcesBuildPhase;
			buildActionMask = 2147483647;
			files = (
				C28761081DB3A5B500AB0953 /* Main.storyboard in Resources */,
				C287610D1DB3A5B500AB0953 /* LaunchScreen.xib in Resources */,
				C287610A1DB3A5B500AB0953 /* Images.xcassets in Resources */,
			);
			runOnlyForDeploymentPostprocessing = 0;
		};
		C28761101DB3A5B500AB0953 /* Resources */ = {
			isa = PBXResourcesBuildPhase;
			buildActionMask = 2147483647;
			files = (
			);
			runOnlyForDeploymentPostprocessing = 0;
		};
/* End PBXResourcesBuildPhase section */

/* Begin PBXSourcesBuildPhase section */
		C28760F61DB3A5B500AB0953 /* Sources */ = {
			isa = PBXSourcesBuildPhase;
			buildActionMask = 2147483647;
			files = (
				C28761051DB3A5B500AB0953 /* ViewController.swift in Sources */,
				C28761001DB3A5B500AB0953 /* AppDelegate.swift in Sources */,
				C28761031DB3A5B500AB0953 /* AESiOS.xcdatamodeld in Sources */,
			);
			runOnlyForDeploymentPostprocessing = 0;
		};
		C287610E1DB3A5B500AB0953 /* Sources */ = {
			isa = PBXSourcesBuildPhase;
			buildActionMask = 2147483647;
			files = (
				C28761191DB3A5B500AB0953 /* AESiOSTests.swift in Sources */,
			);
			runOnlyForDeploymentPostprocessing = 0;
		};
/* End PBXSourcesBuildPhase section */

/* Begin PBXTargetDependency section */
		C28761141DB3A5B500AB0953 /* PBXTargetDependency */ = {
			isa = PBXTargetDependency;
			target = C28760F91DB3A5B500AB0953 /* AESiOS */;
			targetProxy = C28761131DB3A5B500AB0953 /* PBXContainerItemProxy */;
		};
/* End PBXTargetDependency section */

/* Begin PBXVariantGroup section */
		C28761061DB3A5B500AB0953 /* Main.storyboard */ = {
			isa = PBXVariantGroup;
			children = (
				C28761071DB3A5B500AB0953 /* Base */,
			);
			name = Main.storyboard;
			sourceTree = "<group>";
		};
		C287610B1DB3A5B500AB0953 /* LaunchScreen.xib */ = {
			isa = PBXVariantGroup;
			children = (
				C287610C1DB3A5B500AB0953 /* Base */,
			);
			name = LaunchScreen.xib;
			sourceTree = "<group>";
		};
/* End PBXVariantGroup section */

/* Begin XCBuildConfiguration section */
		C287611A1DB3A5B500AB0953 /* Debug */ = {
			isa = XCBuildConfiguration;
			buildSettings = {
				ALWAYS_SEARCH_USER_PATHS = NO;
				CLANG_CXX_LANGUAGE_STANDARD = "gnu++0x";
				CLANG_CXX_LIBRARY = "libc++";
				CLANG_ENABLE_MODULES = YES;
				CLANG_ENABLE_OBJC_ARC = YES;
				CLANG_WARN_BOOL_CONVERSION = YES;
				CLANG_WARN_CONSTANT_CONVERSION = YES;
				CLANG_WARN_DIRECT_OBJC_ISA_USAGE = YES_ERROR;
				CLANG_WARN_EMPTY_BODY = YES;
				CLANG_WARN_ENUM_CONVERSION = YES;
				CLANG_WARN_INT_CONVERSION = YES;
				CLANG_WARN_OBJC_ROOT_CLASS = YES_ERROR;
				CLANG_WARN_UNREACHABLE_CODE = YES;
				CLANG_WARN__DUPLICATE_METHOD_MATCH = YES;
				"CODE_SIGN_IDENTITY[sdk=iphoneos*]" = "iPhone Developer";
				COPY_PHASE_STRIP = NO;
				DEBUG_INFORMATION_FORMAT = "dwarf-with-dsym";
				ENABLE_STRICT_OBJC_MSGSEND = YES;
				GCC_C_LANGUAGE_STANDARD = gnu99;
				GCC_DYNAMIC_NO_PIC = NO;
				GCC_NO_COMMON_BLOCKS = YES;
				GCC_OPTIMIZATION_LEVEL = 0;
				GCC_PREPROCESSOR_DEFINITIONS = (
					"DEBUG=1",
					"$(inherited)",
				);
				GCC_SYMBOLS_PRIVATE_EXTERN = NO;
				GCC_WARN_64_TO_32_BIT_CONVERSION = YES;
				GCC_WARN_ABOUT_RETURN_TYPE = YES_ERROR;
				GCC_WARN_UNDECLARED_SELECTOR = YES;
				GCC_WARN_UNINITIALIZED_AUTOS = YES_AGGRESSIVE;
				GCC_WARN_UNUSED_FUNCTION = YES;
				GCC_WARN_UNUSED_VARIABLE = YES;
				IPHONEOS_DEPLOYMENT_TARGET = 8.3;
				MTL_ENABLE_DEBUG_INFO = YES;
				ONLY_ACTIVE_ARCH = YES;
				SDKROOT = iphoneos;
				SWIFT_OPTIMIZATION_LEVEL = "-Onone";
			};
			name = Debug;
		};
		C287611B1DB3A5B500AB0953 /* Release */ = {
			isa = XCBuildConfiguration;
			buildSettings = {
				ALWAYS_SEARCH_USER_PATHS = NO;
				CLANG_CXX_LANGUAGE_STANDARD = "gnu++0x";
				CLANG_CXX_LIBRARY = "libc++";
				CLANG_ENABLE_MODULES = YES;
				CLANG_ENABLE_OBJC_ARC = YES;
				CLANG_WARN_BOOL_CONVERSION = YES;
				CLANG_WARN_CONSTANT_CONVERSION = YES;
				CLANG_WARN_DIRECT_OBJC_ISA_USAGE = YES_ERROR;
				CLANG_WARN_EMPTY_BODY = YES;
				CLANG_WARN_ENUM_CONVERSION = YES;
				CLANG_WARN_INT_CONVERSION = YES;
				CLANG_WARN_OBJC_ROOT_CLASS = YES_ERROR;
				CLANG_WARN_UNREACHABLE_CODE = YES;
				CLANG_WARN__DUPLICATE_METHOD_MATCH = YES;
				"CODE_SIGN_IDENTITY[sdk=iphoneos*]" = "iPhone Developer";
				COPY_PHASE_STRIP = NO;
				DEBUG_INFORMATION_FORMAT = "dwarf-with-dsym";
				ENABLE_NS_ASSERTIONS = NO;
				ENABLE_STRICT_OBJC_MSGSEND = YES;
				GCC_C_LANGUAGE_STANDARD = gnu99;
				GCC_NO_COMMON_BLOCKS = YES;
				GCC_WARN_64_TO_32_BIT_CONVERSION = YES;
				GCC_WARN_ABOUT_RETURN_TYPE = YES_ERROR;
				GCC_WARN_UNDECLARED_SELECTOR = YES;
				GCC_WARN_UNINITIALIZED_AUTOS = YES_AGGRESSIVE;
				GCC_WARN_UNUSED_FUNCTION = YES;
				GCC_WARN_UNUSED_VARIABLE = YES;
				IPHONEOS_DEPLOYMENT_TARGET = 8.3;
				MTL_ENABLE_DEBUG_INFO = NO;
				SDKROOT = iphoneos;
				VALIDATE_PRODUCT = YES;
			};
			name = Release;
		};
		C287611D1DB3A5B500AB0953 /* Debug */ = {
			isa = XCBuildConfiguration;
			buildSettings = {
				ASSETCATALOG_COMPILER_APPICON_NAME = AppIcon;
				INFOPLIST_FILE = AESiOS/Info.plist;
				LD_RUNPATH_SEARCH_PATHS = "$(inherited) @executable_path/Frameworks";
				PRODUCT_NAME = "$(TARGET_NAME)";
			};
			name = Debug;
		};
		C287611E1DB3A5B500AB0953 /* Release */ = {
			isa = XCBuildConfiguration;
			buildSettings = {
				ASSETCATALOG_COMPILER_APPICON_NAME = AppIcon;
				INFOPLIST_FILE = AESiOS/Info.plist;
				LD_RUNPATH_SEARCH_PATHS = "$(inherited) @executable_path/Frameworks";
				PRODUCT_NAME = "$(TARGET_NAME)";
			};
			name = Release;
		};
		C28761201DB3A5B500AB0953 /* Debug */ = {
			isa = XCBuildConfiguration;
			buildSettings = {
				BUNDLE_LOADER = "$(TEST_HOST)";
				FRAMEWORK_SEARCH_PATHS = (
					"$(SDKROOT)/Developer/Library/Frameworks",
					"$(inherited)",
				);
				GCC_PREPROCESSOR_DEFINITIONS = (
					"DEBUG=1",
					"$(inherited)",
				);
				INFOPLIST_FILE = AESiOSTests/Info.plist;
				LD_RUNPATH_SEARCH_PATHS = "$(inherited) @executable_path/Frameworks @loader_path/Frameworks";
				PRODUCT_NAME = "$(TARGET_NAME)";
				TEST_HOST = "$(BUILT_PRODUCTS_DIR)/AESiOS.app/AESiOS";
			};
			name = Debug;
		};
		C28761211DB3A5B500AB0953 /* Release */ = {
			isa = XCBuildConfiguration;
			buildSettings = {
				BUNDLE_LOADER = "$(TEST_HOST)";
				FRAMEWORK_SEARCH_PATHS = (
					"$(SDKROOT)/Developer/Library/Frameworks",
					"$(inherited)",
				);
				INFOPLIST_FILE = AESiOSTests/Info.plist;
				LD_RUNPATH_SEARCH_PATHS = "$(inherited) @executable_path/Frameworks @loader_path/Frameworks";
				PRODUCT_NAME = "$(TARGET_NAME)";
				TEST_HOST = "$(BUILT_PRODUCTS_DIR)/AESiOS.app/AESiOS";
			};
			name = Release;
		};
/* End XCBuildConfiguration section */

/* Begin XCConfigurationList section */
		C28760F51DB3A5B500AB0953 /* Build configuration list for PBXProject "AESiOS" */ = {
			isa = XCConfigurationList;
			buildConfigurations = (
				C287611A1DB3A5B500AB0953 /* Debug */,
				C287611B1DB3A5B500AB0953 /* Release */,
			);
			defaultConfigurationIsVisible = 0;
			defaultConfigurationName = Release;
		};
		C287611C1DB3A5B500AB0953 /* Build configuration list for PBXNativeTarget "AESiOS" */ = {
			isa = XCConfigurationList;
			buildConfigurations = (
				C287611D1DB3A5B500AB0953 /* Debug */,
				C287611E1DB3A5B500AB0953 /* Release */,
			);
			defaultConfigurationIsVisible = 0;
		};
		C287611F1DB3A5B500AB0953 /* Build configuration list for PBXNativeTarget "AESiOSTests" */ = {
			isa = XCConfigurationList;
			buildConfigurations = (
				C28761201DB3A5B500AB0953 /* Debug */,
				C28761211DB3A5B500AB0953 /* Release */,
			);
			defaultConfigurationIsVisible = 0;
		};
/* End XCConfigurationList section */

/* Begin XCVersionGroup section */
		C28761011DB3A5B500AB0953 /* AESiOS.xcdatamodeld */ = {
			isa = XCVersionGroup;
			children = (
				C28761021DB3A5B500AB0953 /* AESiOS.xcdatamodel */,
			);
			currentVersion = C28761021DB3A5B500AB0953 /* AESiOS.xcdatamodel */;
			path = AESiOS.xcdatamodeld;
			sourceTree = "<group>";
			versionGroupType = wrapper.xcdatamodel;
		};
/* End XCVersionGroup section */
	};
	rootObject = C28760F21DB3A5B500AB0953 /* Project object */;
}
